{
  "name": "@cyclo/passthrough",
  "version": "0.1.0",
  "lockfileVersion": 3,
  "requires": true,
  "packages": {
    "": {
      "name": "@cyclo/passthrough",
      "version": "0.1.0",
      "dependencies": {
        "@connectrpc/connect": "2.1.2",
        "@cyclo/component": "file:../component",
        "@cyclo/provider": "file:../provider"
      },
      "bin": {
        "cyclo-passthrough-component": "src/main.mjs"
      },
      "engines": {
        "node": ">=22.19.0"
      }
    },
    "../component": {
      "name": "@cyclo/component",
      "version": "0.1.0",
      "dependencies": {
        "@bufbuild/protobuf": "2.12.1",
        "@connectrpc/connect": "2.1.2",
        "@connectrpc/connect-node": "2.1.2"
      },
      "bin": {
        "cyclo-component-check": "src/check.mjs"
      },
      "devDependencies": {
        "@bufbuild/buf": "1.72.0",
        "@bufbuild/protoc-gen-es": "2.12.1"
      },
      "engines": {
        "node": ">=20"
      }
    },
    "../provider": {
      "name": "@cyclo/provider",
      "version": "0.1.0",
      "dependencies": {
        "@bufbuild/protobuf": "2.12.1",
        "@connectrpc/connect": "2.1.2"
      },
      "devDependencies": {
        "@bufbuild/buf": "1.72.0",
        "@bufbuild/protoc-gen-es": "2.12.1",
        "@connectrpc/connect-node": "2.1.2",
        "@cyclo/component": "file:../component"
      },
      "engines": {
        "node": ">=20"
      }
    },
    "node_modules/@bufbuild/protobuf": {
      "version": "2.12.1",
      "resolved": "https://registry.npmjs.org/@bufbuild/protobuf/-/protobuf-2.12.1.tgz",
      "integrity": "sha512-BvAMfS6LrgZiryOAZ4pBYucu4wG/Ei/9o9DZ9akbREnMLbPJiom2i8b9C8IsKErQoiKqVhrerzt3kOT/RrzLHg==",
      "license": "(Apache-2.0 AND BSD-3-Clause)",
      "peer": true
    },
    "node_modules/@connectrpc/connect": {
      "version": "2.1.2",
      "resolved": "https://registry.npmjs.org/@connectrpc/connect/-/connect-2.1.2.tgz",
      "integrity": "sha512-MXkBijtcX09R10Eb6sFeIetc6w6746eio6xtfuyVOH7oQAacT1X0GzMIQFux6Qy8cq3W/T5qX5Bei8YbFtmRGA==",
      "license": "Apache-2.0",
      "peerDependencies": {
        "@bufbuild/protobuf": "^2.7.0"
      }
    },
    "node_modules/@cyclo/component": {
      "resolved": "../component",
      "link": true
    },
    "node_modules/@cyclo/provider": {
      "resolved": "../provider",
      "link": true
    }
  }
}
